
Microsoft Visual Studio Solution File, Format Version 12.00
# Visual Studio Version 16
VisualStudioVersion = 16.0.31515.178
MinimumVisualStudioVersion = 10.0.40219.1
Project("{FAE04EC0-301F-11D3-BF4B-00C04F79EFBC}") = "WepToken", "WepToken.csproj", "{C0B0F176-EB9A-49BC-BE01-597C93039CD2}"
EndProject
Global
	GlobalSection(SolutionConfigurationPlatforms) = preSolution
		Debug|Any CPU = Debug|Any CPU
		Release|Any CPU = Release|Any CPU
	EndGlobalSection
	GlobalSection(ProjectConfigurationPlatforms) = postSolution
		{C0B0F176-EB9A-49BC-BE01-597C93039CD2}.Debug|Any CPU.ActiveCfg = Debug|Any CPU
		{C0B0F176-EB9A-49BC-BE01-597C93039CD2}.Debug|Any CPU.Build.0 = Debug|Any CPU
		{C0B0F176-EB9A-49BC-BE01-597C93039CD2}.Release|Any CPU.ActiveCfg = Release|Any CPU
		{C0B0F176-EB9A-49BC-BE01-597C93039CD2}.Release|Any CPU.Build.0 = Release|Any CPU
	EndGlobalSection
	GlobalSection(SolutionProperties) = preSolution
		HideSolutionNode = FALSE
	EndGlobalSection
	GlobalSection(ExtensibilityGlobals) = postSolution
		SolutionGuid = {2BE538B4-E825-4F0A-AD07-02A492A3EDDE}
	EndGlobalSection
EndGlobal
